
Microsoft Visual Studio Solution File, Format Version 12.00
# Visual Studio Version 16
VisualStudioVersion = 16.0.31402.337
MinimumVisualStudioVersion = 10.0.40219.1
Project("{FAE04EC0-301F-11D3-BF4B-00C04F79EFBC}") = "SfDataGridDemo", "SfDataGridDemo.csproj", "{D1233E98-3467-4FE3-8863-14495639A6F2}"
EndProject
Global
	GlobalSection(SolutionConfigurationPlatforms) = preSolution
		Debug|Any CPU = Debug|Any CPU
		Release|Any CPU = Release|Any CPU
	EndGlobalSection
	GlobalSection(ProjectConfigurationPlatforms) = postSolution
		{D1233E98-3467-4FE3-8863-14495639A6F2}.Debug|Any CPU.ActiveCfg = Debug|Any CPU
		{D1233E98-3467-4FE3-8863-14495639A6F2}.Debug|Any CPU.Build.0 = Debug|Any CPU
		{D1233E98-3467-4FE3-8863-14495639A6F2}.Release|Any CPU.ActiveCfg = Release|Any CPU
		{D1233E98-3467-4FE3-8863-14495639A6F2}.Release|Any CPU.Build.0 = Release|Any CPU
	EndGlobalSection
	GlobalSection(SolutionProperties) = preSolution
		HideSolutionNode = FALSE
	EndGlobalSection
	GlobalSection(ExtensibilityGlobals) = postSolution
		SolutionGuid = {2D518323-F317-4EDC-A11E-16251D9F095C}
	EndGlobalSection
EndGlobal
